
Microsoft Visual Studio Solution File, Format Version 12.00
# Visual Studio Version 17
VisualStudioVersion = 17.1.32210.238
MinimumVisualStudioVersion = 10.0.40219.1
Project("{FAE04EC0-301F-11D3-BF4B-00C04F79EFBC}") = "WFA_Pratik", "WFA_Pratik\WFA_Pratik.csproj", "{1017C0D4-34F8-4E96-A1FC-DC295EF21A25}"
EndProject
Global
	GlobalSection(SolutionConfigurationPlatforms) = preSolution
		Debug|Any CPU = Debug|Any CPU
		Release|Any CPU = Release|Any CPU
	EndGlobalSection
	GlobalSection(ProjectConfigurationPlatforms) = postSolution
		{1017C0D4-34F8-4E96-A1FC-DC295EF21A25}.Debug|Any CPU.ActiveCfg = Debug|Any CPU
		{1017C0D4-34F8-4E96-A1FC-DC295EF21A25}.Debug|Any CPU.Build.0 = Debug|Any CPU
		{1017C0D4-34F8-4E96-A1FC-DC295EF21A25}.Release|Any CPU.ActiveCfg = Release|Any CPU
		{1017C0D4-34F8-4E96-A1FC-DC295EF21A25}.Release|Any CPU.Build.0 = Release|Any CPU
	EndGlobalSection
	GlobalSection(SolutionProperties) = preSolution
		HideSolutionNode = FALSE
	EndGlobalSection
	GlobalSection(ExtensibilityGlobals) = postSolution
		SolutionGuid = {F166F516-AA6A-4C84-9396-6B263BABB37F}
	EndGlobalSection
EndGlobal
